
Microsoft Visual Studio Solution File, Format Version 12.00
# Visual Studio 15
VisualStudioVersion = 15.0.28307.539
MinimumVisualStudioVersion = 10.0.40219.1
Project("{FAE04EC0-301F-11D3-BF4B-00C04F79EFBC}") = "Dominio", "Dominio\Dominio.csproj", "{432895AD-D903-4B5D-99F9-703A643697B2}"
EndProject
Project("{FAE04EC0-301F-11D3-BF4B-00C04F79EFBC}") = "PresentacionWinForm", "PresentacionWinForm\PresentacionWinForm.csproj", "{E040BDEE-1808-47C6-8287-EC85F44343D8}"
EndProject
Project("{2150E333-8FDC-42A3-9474-1A3956D46DE8}") = "SQL", "SQL", "{0FDBC135-4F63-4F11-A846-C602B5790C46}"
	ProjectSection(SolutionItems) = preProject
		Script SQL.txt = Script SQL.txt
	EndProjectSection
EndProject
Project("{FAE04EC0-301F-11D3-BF4B-00C04F79EFBC}") = "Negocio", "Negocio\Negocio.csproj", "{C8752D97-E19B-4FCD-B5E1-B64A2A2A19DB}"
EndProject
Project("{FAE04EC0-301F-11D3-BF4B-00C04F79EFBC}") = "PresentacionWebForm", "PresentacionWebForm\PresentacionWebForm.csproj", "{1F2AE66D-559C-44FA-A42A-80A67BE4CF3C}"
EndProject
Project("{FAE04EC0-301F-11D3-BF4B-00C04F79EFBC}") = "AccesoDatos", "AccesoDatos\AccesoDatos.csproj", "{AFE9E183-9E80-4ADB-A2B1-8652B2664DE0}"
EndProject
Global
	GlobalSection(SolutionConfigurationPlatforms) = preSolution
		Debug|Any CPU = Debug|Any CPU
		Release|Any CPU = Release|Any CPU
	EndGlobalSection
	GlobalSection(ProjectConfigurationPlatforms) = postSolution
		{432895AD-D903-4B5D-99F9-703A643697B2}.Debug|Any CPU.ActiveCfg = Debug|Any CPU
		{432895AD-D903-4B5D-99F9-703A643697B2}.Debug|Any CPU.Build.0 = Debug|Any CPU
		{432895AD-D903-4B5D-99F9-703A643697B2}.Release|Any CPU.ActiveCfg = Release|Any CPU
		{432895AD-D903-4B5D-99F9-703A643697B2}.Release|Any CPU.Build.0 = Release|Any CPU
		{E040BDEE-1808-47C6-8287-EC85F44343D8}.Debug|Any CPU.ActiveCfg = Debug|Any CPU
		{E040BDEE-1808-47C6-8287-EC85F44343D8}.Debug|Any CPU.Build.0 = Debug|Any CPU
		{E040BDEE-1808-47C6-8287-EC85F44343D8}.Release|Any CPU.ActiveCfg = Release|Any CPU
		{E040BDEE-1808-47C6-8287-EC85F44343D8}.Release|Any CPU.Build.0 = Release|Any CPU
		{C8752D97-E19B-4FCD-B5E1-B64A2A2A19DB}.Debug|Any CPU.ActiveCfg = Debug|Any CPU
		{C8752D97-E19B-4FCD-B5E1-B64A2A2A19DB}.Debug|Any CPU.Build.0 = Debug|Any CPU
		{C8752D97-E19B-4FCD-B5E1-B64A2A2A19DB}.Release|Any CPU.ActiveCfg = Release|Any CPU
		{C8752D97-E19B-4FCD-B5E1-B64A2A2A19DB}.Release|Any CPU.Build.0 = Release|Any CPU
		{1F2AE66D-559C-44FA-A42A-80A67BE4CF3C}.Debug|Any CPU.ActiveCfg = Debug|Any CPU
		{1F2AE66D-559C-44FA-A42A-80A67BE4CF3C}.Debug|Any CPU.Build.0 = Debug|Any CPU
		{1F2AE66D-559C-44FA-A42A-80A67BE4CF3C}.Release|Any CPU.ActiveCfg = Release|Any CPU
		{1F2AE66D-559C-44FA-A42A-80A67BE4CF3C}.Release|Any CPU.Build.0 = Release|Any CPU
		{AFE9E183-9E80-4ADB-A2B1-8652B2664DE0}.Debug|Any CPU.ActiveCfg = Debug|Any CPU
		{AFE9E183-9E80-4ADB-A2B1-8652B2664DE0}.Debug|Any CPU.Build.0 = Debug|Any CPU
		{AFE9E183-9E80-4ADB-A2B1-8652B2664DE0}.Release|Any CPU.ActiveCfg = Release|Any CPU
		{AFE9E183-9E80-4ADB-A2B1-8652B2664DE0}.Release|Any CPU.Build.0 = Release|Any CPU
	EndGlobalSection
	GlobalSection(SolutionProperties) = preSolution
		HideSolutionNode = FALSE
	EndGlobalSection
	GlobalSection(ExtensibilityGlobals) = postSolution
		SolutionGuid = {083E6F5B-FCAD-418B-9FC0-1D2AD2E33CE6}
	EndGlobalSection
EndGlobal
